// !$*UTF8*$!
{
	archiveVersion = 1;
	classes = {
	};
	objectVersion = 46;
	objects = {

/* Begin PBXBuildFile section */
		000DC3621CC29448003C3C0C /* AppDelegate.swift in Sources */ = {isa = PBXBuildFile; fileRef = 000DC3611CC29448003C3C0C /* AppDelegate.swift */; };
		000DC3641CC29448003C3C0C /* ViewController.swift in Sources */ = {isa = PBXBuildFile; fileRef = 000DC3631CC29448003C3C0C /* ViewController.swift */; };
		000DC3671CC29448003C3C0C /* Main.storyboard in Resources */ = {isa = PBXBuildFile; fileRef = 000DC3651CC29448003C3C0C /* Main.storyboard */; };
		000DC3691CC29448003C3C0C /* Assets.xcassets in Resources */ = {isa = PBXBuildFile; fileRef = 000DC3681CC29448003C3C0C /* Assets.xcassets */; };
		000DC36C1CC29448003C3C0C /* LaunchScreen.storyboard in Resources */ = {isa = PBXBuildFile; fileRef = 000DC36A1CC29448003C3C0C /* LaunchScreen.storyboard */; };
/* End PBXBuildFile section */

/* Begin PBXFileReference section */
		000DC35E1CC29448003C3C0C /* el-contador.app */ = {isa = PBXFileReference; explicitFileType = wrapper.application; includeInIndex = 0; path = "el-contador.app"; sourceTree = BUILT_PRODUCTS_DIR; };
		000DC3611CC29448003C3C0C /* AppDelegate.swift */ = {isa = PBXFileReference; lastKnownFileType = sourcecode.swift; path = AppDelegate.swift; sourceTree = "<group>"; };
		000DC3631CC29448003C3C0C /* ViewController.swift */ = {isa = PBXFileReference; lastKnownFileType = sourcecode.swift; path = ViewController.swift; sourceTree = "<group>"; };
		000DC3661CC29448003C3C0C /* Base */ = {isa = PBXFileReference; lastKnownFileType = file.storyboard; name = Base; path = Base.lproj/Main.storyboard; sourceTree = "<group>"; };
		000DC3681CC29448003C3C0C /* Assets.xcassets */ = {isa = PBXFileReference; lastKnownFileType = folder.assetcatalog; path = Assets.xcassets; sourceTree = "<group>"; };
		000DC36B1CC29448003C3C0C /* Base */ = {isa = PBXFileReference; lastKnownFileType = file.storyboard; name = Base; path = Base.lproj/LaunchScreen.storyboard; sourceTree = "<group>"; };
		000DC36D1CC29448003C3C0C /* Info.plist */ = {isa = PBXFileReference; lastKnownFileType = text.plist.xml; path = Info.plist; sourceTree = "<group>"; };
/* End PBXFileReference section */

/* Begin PBXFrameworksBuildPhase section */
		000DC35B1CC29448003C3C0C /* Frameworks */ = {
			isa = PBXFrameworksBuildPhase;
			buildActionMask = 2147483647;
			files = (
			);
			runOnlyForDeploymentPostprocessing = 0;
		};
/* End PBXFrameworksBuildPhase section */

/* Begin PBXGroup section */
		000DC3551CC29448003C3C0C = {
			isa = PBXGroup;
			children = (
				000DC3601CC29448003C3C0C /* el-contador */,
				000DC35F1CC29448003C3C0C /* Products */,
			);
			sourceTree = "<group>";
		};
		000DC35F1CC29448003C3C0C /* Products */ = {
			isa = PBXGroup;
			children = (
				000DC35E1CC29448003C3C0C /* el-contador.app */,
			);
			name = Products;
			sourceTree = "<group>";
		};
		000DC3601CC29448003C3C0C /* el-contador */ = {
			isa = PBXGroup;
			children = (
				000DC3611CC29448003C3C0C /* AppDelegate.swift */,
				000DC3631CC29448003C3C0C /* ViewController.swift */,
				000DC3651CC29448003C3C0C /* Main.storyboard */,
				000DC3681CC29448003C3C0C /* Assets.xcassets */,
				000DC36A1CC29448003C3C0C /* LaunchScreen.storyboard */,
				000DC36D1CC29448003C3C0C /* Info.plist */,
			);
			path = "el-contador";
			sourceTree = "<group>";
		};
/* End PBXGroup section */

/* Begin PBXNativeTarget section */
		000DC35D1CC29448003C3C0C /* el-contador */ = {
			isa = PBXNativeTarget;
			buildConfigurationList = 000DC3701CC29448003C3C0C /* Build configuration list for PBXNativeTarget "el-contador" */;
			buildPhases = (
				000DC35A1CC29448003C3C0C /* Sources */,
				000DC35B1CC29448003C3C0C /* Frameworks */,
				000DC35C1CC29448003C3C0C /* Resources */,
			);
			buildRules = (
			);
			dependencies = (
			);
			name = "el-contador";
			productName = "el-contador";
			productReference = 000DC35E1CC29448003C3C0C /* el-contador.app */;
			productType = "com.apple.product-type.application";
		};
/* End PBXNativeTarget section */

/* Begin PBXProject section */
		000DC3561CC29448003C3C0C /* Project object */ = {
			isa = PBXProject;
			attributes = {
				LastSwiftUpdateCheck = 0720;
				LastUpgradeCheck = 0720;
				ORGANIZATIONNAME = Sammy;
				TargetAttributes = {
					000DC35D1CC29448003C3C0C = {
						CreatedOnToolsVersion = 7.2.1;
						DevelopmentTeam = 494KNQYBB6;
					};
				};
			};
			buildConfigurationList = 000DC3591CC29448003C3C0C /* Build configuration list for PBXProject "el-contador" */;
			compatibilityVersion = "Xcode 3.2";
			developmentRegion = English;
			hasScannedForEncodings = 0;
			knownRegions = (
				en,
				Base,
			);
			mainGroup = 000DC3551CC29448003C3C0C;
			productRefGroup = 000DC35F1CC29448003C3C0C /* Products */;
			projectDirPath = "";
			projectRoot = "";
			targets = (
				000DC35D1CC29448003C3C0C /* el-contador */,
			);
		};
/* End PBXProject section */

/* Begin PBXResourcesBuildPhase section */
		000DC35C1CC29448003C3C0C /* Resources */ = {
			isa = PBXResourcesBuildPhase;
			buildActionMask = 2147483647;
			files = (
				000DC36C1CC29448003C3C0C /* LaunchScreen.storyboard in Resources */,
				000DC3691CC29448003C3C0C /* Assets.xcassets in Resources */,
				000DC3671CC29448003C3C0C /* Main.storyboard in Resources */,
			);
			runOnlyForDeploymentPostprocessing = 0;
		};
/* End PBXResourcesBuildPhase section */

/* Begin PBXSourcesBuildPhase section */
		000DC35A1CC29448003C3C0C /* Sources */ = {
			isa = PBXSourcesBuildPhase;
			buildActionMask = 2147483647;
			files = (
				000DC3641CC29448003C3C0C /* ViewController.swift in Sources */,
				000DC3621CC29448003C3C0C /* AppDelegate.swift in Sources */,
			);
			runOnlyForDeploymentPostprocessing = 0;
		};
/* End PBXSourcesBuildPhase section */

/* Begin PBXVariantGroup section */
		000DC3651CC29448003C3C0C /* Main.storyboard */ = {
			isa = PBXVariantGroup;
			children = (
				000DC3661CC29448003C3C0C /* Base */,
			);
			name = Main.storyboard;
			sourceTree = "<group>";
		};
		000DC36A1CC29448003C3C0C /* LaunchScreen.storyboard */ = {
			isa = PBXVariantGroup;
			children = (
				000DC36B1CC29448003C3C0C /* Base */,
			);
			name = LaunchScreen.storyboard;
			sourceTree = "<group>";
		};
/* End PBXVariantGroup section */

/* Begin XCBuildConfiguration section */
		000DC36E1CC29448003C3C0C /* Debug */ = {
			isa = XCBuildConfiguration;
			buildSettings = {
				ALWAYS_SEARCH_USER_PATHS = NO;
				CLANG_CXX_LANGUAGE_STANDARD = "gnu++0x";
				CLANG_CXX_LIBRARY = "libc++";
				CLANG_ENABLE_MODULES = YES;
				CLANG_ENABLE_OBJC_ARC = YES;
				CLANG_WARN_BOOL_CONVERSION = YES;
				CLANG_WARN_CONSTANT_CONVERSION = YES;
				CLANG_WARN_DIRECT_OBJC_ISA_USAGE = YES_ERROR;
				CLANG_WARN_EMPTY_BODY = YES;
				CLANG_WARN_ENUM_CONVERSION = YES;
				CLANG_WARN_INT_CONVERSION = YES;
				CLANG_WARN_OBJC_ROOT_CLASS = YES_ERROR;
				CLANG_WARN_UNREACHABLE_CODE = YES;
				CLANG_WARN__DUPLICATE_METHOD_MATCH = YES;
				"CODE_SIGN_IDENTITY[sdk=iphoneos*]" = "iPhone Developer";
				COPY_PHASE_STRIP = NO;
				DEBUG_INFORMATION_FORMAT = dwarf;
				ENABLE_STRICT_OBJC_MSGSEND = YES;
				ENABLE_TESTABILITY = YES;
				GCC_C_LANGUAGE_STANDARD = gnu99;
				GCC_DYNAMIC_NO_PIC = NO;
				GCC_NO_COMMON_BLOCKS = YES;
				GCC_OPTIMIZATION_LEVEL = 0;
				GCC_PREPROCESSOR_DEFINITIONS = (
					"DEBUG=1",
					"$(inherited)",
				);
				GCC_WARN_64_TO_32_BIT_CONVERSION = YES;
				GCC_WARN_ABOUT_RETURN_TYPE = YES_ERROR;
				GCC_WARN_UNDECLARED_SELECTOR = YES;
				GCC_WARN_UNINITIALIZED_AUTOS = YES_AGGRESSIVE;
				GCC_WARN_UNUSED_FUNCTION = YES;
				GCC_WARN_UNUSED_VARIABLE = YES;
				IPHONEOS_DEPLOYMENT_TARGET = 9.2;
				MTL_ENABLE_DEBUG_INFO = YES;
				ONLY_ACTIVE_ARCH = YES;
				SDKROOT = iphoneos;
				SWIFT_OPTIMIZATION_LEVEL = "-Onone";
			};
			name = Debug;
		};
		000DC36F1CC29448003C3C0C /* Release */ = {
			isa = XCBuildConfiguration;
			buildSettings = {
				ALWAYS_SEARCH_USER_PATHS = NO;
				CLANG_CXX_LANGUAGE_STANDARD = "gnu++0x";
				CLANG_CXX_LIBRARY = "libc++";
				CLANG_ENABLE_MODULES = YES;
				CLANG_ENABLE_OBJC_ARC = YES;
				CLANG_WARN_BOOL_CONVERSION = YES;
				CLANG_WARN_CONSTANT_CONVERSION = YES;
				CLANG_WARN_DIRECT_OBJC_ISA_USAGE = YES_ERROR;
				CLANG_WARN_EMPTY_BODY = YES;
				CLANG_WARN_ENUM_CONVERSION = YES;
				CLANG_WARN_INT_CONVERSION = YES;
				CLANG_WARN_OBJC_ROOT_CLASS = YES_ERROR;
				CLANG_WARN_UNREACHABLE_CODE = YES;
				CLANG_WARN__DUPLICATE_METHOD_MATCH = YES;
				"CODE_SIGN_IDENTITY[sdk=iphoneos*]" = "iPhone Developer";
				COPY_PHASE_STRIP = NO;
				DEBUG_INFORMATION_FORMAT = "dwarf-with-dsym";
				ENABLE_NS_ASSERTIONS = NO;
				ENABLE_STRICT_OBJC_MSGSEND = YES;
				GCC_C_LANGUAGE_STANDARD = gnu99;
				GCC_NO_COMMON_BLOCKS = YES;
				GCC_WARN_64_TO_32_BIT_CONVERSION = YES;
				GCC_WARN_ABOUT_RETURN_TYPE = YES_ERROR;
				GCC_WARN_UNDECLARED_SELECTOR = YES;
				GCC_WARN_UNINITIALIZED_AUTOS = YES_AGGRESSIVE;
				GCC_WARN_UNUSED_FUNCTION = YES;
				GCC_WARN_UNUSED_VARIABLE = YES;
				IPHONEOS_DEPLOYMENT_TARGET = 9.2;
				MTL_ENABLE_DEBUG_INFO = NO;
				SDKROOT = iphoneos;
				VALIDATE_PRODUCT = YES;
			};
			name = Release;
		};
		000DC3711CC29448003C3C0C /* Debug */ = {
			isa = XCBuildConfiguration;
			buildSettings = {
				ASSETCATALOG_COMPILER_APPICON_NAME = AppIcon;
				INFOPLIST_FILE = "el-contador/Info.plist";
				LD_RUNPATH_SEARCH_PATHS = "$(inherited) @executable_path/Frameworks";
				PRODUCT_BUNDLE_IDENTIFIER = "com.sammy.el-contador";
				PRODUCT_NAME = "$(TARGET_NAME)";
			};
			name = Debug;
		};
		000DC3721CC29448003C3C0C /* Release */ = {
			isa = XCBuildConfiguration;
			buildSettings = {
				ASSETCATALOG_COMPILER_APPICON_NAME = AppIcon;
				INFOPLIST_FILE = "el-contador/Info.plist";
				LD_RUNPATH_SEARCH_PATHS = "$(inherited) @executable_path/Frameworks";
				PRODUCT_BUNDLE_IDENTIFIER = "com.sammy.el-contador";
				PRODUCT_NAME = "$(TARGET_NAME)";
			};
			name = Release;
		};
/* End XCBuildConfiguration section */

/* Begin XCConfigurationList section */
		000DC3591CC29448003C3C0C /* Build configuration list for PBXProject "el-contador" */ = {
			isa = XCConfigurationList;
			buildConfigurations = (
				000DC36E1CC29448003C3C0C /* Debug */,
				000DC36F1CC29448003C3C0C /* Release */,
			);
			defaultConfigurationIsVisible = 0;
			defaultConfigurationName = Release;
		};
		000DC3701CC29448003C3C0C /* Build configuration list for PBXNativeTarget "el-contador" */ = {
			isa = XCConfigurationList;
			buildConfigurations = (
				000DC3711CC29448003C3C0C /* Debug */,
				000DC3721CC29448003C3C0C /* Release */,
			);
			defaultConfigurationIsVisible = 0;
		};
/* End XCConfigurationList section */
	};
	rootObject = 000DC3561CC29448003C3C0C /* Project object */;
}
